
Microsoft Visual Studio Solution File, Format Version 12.00
# Visual Studio Version 17
VisualStudioVersion = 17.13.35828.75 d17.13
MinimumVisualStudioVersion = 10.0.40219.1
Project("{FAE04EC0-301F-11D3-BF4B-00C04F79EFBC}") = "CSharpEgitimKampi301.EntityLayer", "CSharpEgitimKampi301.EntitiyLayer\CSharpEgitimKampi301.EntityLayer.csproj", "{14FD98C7-191C-4790-8925-1CA71CAFDB7F}"
EndProject
Project("{FAE04EC0-301F-11D3-BF4B-00C04F79EFBC}") = "CSharpEgitimKampi301.DataAccessLayer", "CSharpEgitimKampi301.DataAccessLayer\CSharpEgitimKampi301.DataAccessLayer.csproj", "{BEE78E08-6687-4CE5-9217-B9C5FF406488}"
EndProject
Project("{FAE04EC0-301F-11D3-BF4B-00C04F79EFBC}") = "CSharpEgitimKampi301.BusinessLayer", "CSharpEgitimKampi301.BusinessLayer\CSharpEgitimKampi301.BusinessLayer.csproj", "{0D66B203-CC5A-4988-BF56-C6F86331B700}"
EndProject
Project("{FAE04EC0-301F-11D3-BF4B-00C04F79EFBC}") = "CSharpEgitimKampi301.PresentationLayer", "CSharpEgitimKampi301.PresentationLayer\CSharpEgitimKampi301.PresentationLayer.csproj", "{76318B15-9A42-40E3-982C-947B16196708}"
EndProject
Global
	GlobalSection(SolutionConfigurationPlatforms) = preSolution
		Debug|Any CPU = Debug|Any CPU
		Release|Any CPU = Release|Any CPU
	EndGlobalSection
	GlobalSection(ProjectConfigurationPlatforms) = postSolution
		{14FD98C7-191C-4790-8925-1CA71CAFDB7F}.Debug|Any CPU.ActiveCfg = Debug|Any CPU
		{14FD98C7-191C-4790-8925-1CA71CAFDB7F}.Debug|Any CPU.Build.0 = Debug|Any CPU
		{14FD98C7-191C-4790-8925-1CA71CAFDB7F}.Release|Any CPU.ActiveCfg = Release|Any CPU
		{14FD98C7-191C-4790-8925-1CA71CAFDB7F}.Release|Any CPU.Build.0 = Release|Any CPU
		{BEE78E08-6687-4CE5-9217-B9C5FF406488}.Debug|Any CPU.ActiveCfg = Debug|Any CPU
		{BEE78E08-6687-4CE5-9217-B9C5FF406488}.Debug|Any CPU.Build.0 = Debug|Any CPU
		{BEE78E08-6687-4CE5-9217-B9C5FF406488}.Release|Any CPU.ActiveCfg = Release|Any CPU
		{BEE78E08-6687-4CE5-9217-B9C5FF406488}.Release|Any CPU.Build.0 = Release|Any CPU
		{0D66B203-CC5A-4988-BF56-C6F86331B700}.Debug|Any CPU.ActiveCfg = Debug|Any CPU
		{0D66B203-CC5A-4988-BF56-C6F86331B700}.Debug|Any CPU.Build.0 = Debug|Any CPU
		{0D66B203-CC5A-4988-BF56-C6F86331B700}.Release|Any CPU.ActiveCfg = Release|Any CPU
		{0D66B203-CC5A-4988-BF56-C6F86331B700}.Release|Any CPU.Build.0 = Release|Any CPU
		{76318B15-9A42-40E3-982C-947B16196708}.Debug|Any CPU.ActiveCfg = Debug|Any CPU
		{76318B15-9A42-40E3-982C-947B16196708}.Debug|Any CPU.Build.0 = Debug|Any CPU
		{76318B15-9A42-40E3-982C-947B16196708}.Release|Any CPU.ActiveCfg = Release|Any CPU
		{76318B15-9A42-40E3-982C-947B16196708}.Release|Any CPU.Build.0 = Release|Any CPU
	EndGlobalSection
	GlobalSection(SolutionProperties) = preSolution
		HideSolutionNode = FALSE
	EndGlobalSection
	GlobalSection(ExtensibilityGlobals) = postSolution
		SolutionGuid = {7DC6BECE-4C01-4B4A-BF15-510F3089A753}
	EndGlobalSection
EndGlobal
